
Microsoft Visual Studio Solution File, Format Version 12.00
# Visual Studio 15
VisualStudioVersion = 15.0.27428.2043
MinimumVisualStudioVersion = 10.0.40219.1
Project("{FAE04EC0-301F-11D3-BF4B-00C04F79EFBC}") = "BeregnArray", "BeregnArray\BeregnArray.csproj", "{76C7D38A-C91E-4205-A12E-03B9532CF3DE}"
EndProject
Global
	GlobalSection(SolutionConfigurationPlatforms) = preSolution
		Debug|Any CPU = Debug|Any CPU
		Release|Any CPU = Release|Any CPU
	EndGlobalSection
	GlobalSection(ProjectConfigurationPlatforms) = postSolution
		{76C7D38A-C91E-4205-A12E-03B9532CF3DE}.Debug|Any CPU.ActiveCfg = Debug|Any CPU
		{76C7D38A-C91E-4205-A12E-03B9532CF3DE}.Debug|Any CPU.Build.0 = Debug|Any CPU
		{76C7D38A-C91E-4205-A12E-03B9532CF3DE}.Release|Any CPU.ActiveCfg = Release|Any CPU
		{76C7D38A-C91E-4205-A12E-03B9532CF3DE}.Release|Any CPU.Build.0 = Release|Any CPU
	EndGlobalSection
	GlobalSection(SolutionProperties) = preSolution
		HideSolutionNode = FALSE
	EndGlobalSection
	GlobalSection(ExtensibilityGlobals) = postSolution
		SolutionGuid = {EB2B1A07-35C1-4889-A2C9-6AB682CB8978}
	EndGlobalSection
EndGlobal
